
Microsoft Visual Studio Solution File, Format Version 12.00
# Visual Studio Version 16
VisualStudioVersion = 25.0.1704.4
MinimumVisualStudioVersion = 10.0.40219.1
Project("{FAE04EC0-301F-11D3-BF4B-00C04F79EFBC}") = "opgM01.03", "opgM01.03.csproj", "{48625FB3-F17D-4FF8-BC64-8AF1952E4962}"
EndProject
Global
	GlobalSection(SolutionConfigurationPlatforms) = preSolution
		Debug|Any CPU = Debug|Any CPU
		Release|Any CPU = Release|Any CPU
	EndGlobalSection
	GlobalSection(ProjectConfigurationPlatforms) = postSolution
		{48625FB3-F17D-4FF8-BC64-8AF1952E4962}.Debug|Any CPU.ActiveCfg = Debug|Any CPU
		{48625FB3-F17D-4FF8-BC64-8AF1952E4962}.Debug|Any CPU.Build.0 = Debug|Any CPU
		{48625FB3-F17D-4FF8-BC64-8AF1952E4962}.Release|Any CPU.ActiveCfg = Release|Any CPU
		{48625FB3-F17D-4FF8-BC64-8AF1952E4962}.Release|Any CPU.Build.0 = Release|Any CPU
	EndGlobalSection
	GlobalSection(SolutionProperties) = preSolution
		HideSolutionNode = FALSE
	EndGlobalSection
	GlobalSection(ExtensibilityGlobals) = postSolution
		SolutionGuid = {7F77A5E1-A6CA-4C83-8366-8E2C10947B99}
	EndGlobalSection
EndGlobal
