
Microsoft Visual Studio Solution File, Format Version 12.00
# Visual Studio Version 16
VisualStudioVersion = 25.0.1703.7
MinimumVisualStudioVersion = 10.0.40219.1
Project("{FAE04EC0-301F-11D3-BF4B-00C04F79EFBC}") = "opgM01.03", "opgM01.03.csproj", "{E36F9964-F454-43B6-9FE1-6A8975F2FC8E}"
EndProject
Global
	GlobalSection(SolutionConfigurationPlatforms) = preSolution
		Debug|Any CPU = Debug|Any CPU
		Release|Any CPU = Release|Any CPU
	EndGlobalSection
	GlobalSection(ProjectConfigurationPlatforms) = postSolution
		{E36F9964-F454-43B6-9FE1-6A8975F2FC8E}.Debug|Any CPU.ActiveCfg = Debug|Any CPU
		{E36F9964-F454-43B6-9FE1-6A8975F2FC8E}.Debug|Any CPU.Build.0 = Debug|Any CPU
		{E36F9964-F454-43B6-9FE1-6A8975F2FC8E}.Release|Any CPU.ActiveCfg = Release|Any CPU
		{E36F9964-F454-43B6-9FE1-6A8975F2FC8E}.Release|Any CPU.Build.0 = Release|Any CPU
	EndGlobalSection
	GlobalSection(SolutionProperties) = preSolution
		HideSolutionNode = FALSE
	EndGlobalSection
	GlobalSection(ExtensibilityGlobals) = postSolution
		SolutionGuid = {E66B695C-631A-4209-A3A4-40C4AC954EEA}
	EndGlobalSection
EndGlobal
